
Microsoft Visual Studio Solution File, Format Version 12.00
# Visual Studio Version 16
VisualStudioVersion = 16.0.29201.188
MinimumVisualStudioVersion = 10.0.40219.1
Project("{FAE04EC0-301F-11D3-BF4B-00C04F79EFBC}") = "PokemonConsole", "Pokemon\PokemonConsole.csproj", "{88F1D500-3E37-4AFF-9B6E-8CBAF3A148E7}"
EndProject
Project("{FAE04EC0-301F-11D3-BF4B-00C04F79EFBC}") = "PokemonUnitTest", "PokemonUnitTest\PokemonUnitTest.csproj", "{8B50B4A0-44CD-4E9F-862B-97CDD41C8BEF}"
EndProject
Global
	GlobalSection(SolutionConfigurationPlatforms) = preSolution
		Debug|Any CPU = Debug|Any CPU
		Release|Any CPU = Release|Any CPU
	EndGlobalSection
	GlobalSection(ProjectConfigurationPlatforms) = postSolution
		{88F1D500-3E37-4AFF-9B6E-8CBAF3A148E7}.Debug|Any CPU.ActiveCfg = Debug|Any CPU
		{88F1D500-3E37-4AFF-9B6E-8CBAF3A148E7}.Debug|Any CPU.Build.0 = Debug|Any CPU
		{88F1D500-3E37-4AFF-9B6E-8CBAF3A148E7}.Release|Any CPU.ActiveCfg = Release|Any CPU
		{88F1D500-3E37-4AFF-9B6E-8CBAF3A148E7}.Release|Any CPU.Build.0 = Release|Any CPU
		{8B50B4A0-44CD-4E9F-862B-97CDD41C8BEF}.Debug|Any CPU.ActiveCfg = Debug|Any CPU
		{8B50B4A0-44CD-4E9F-862B-97CDD41C8BEF}.Debug|Any CPU.Build.0 = Debug|Any CPU
		{8B50B4A0-44CD-4E9F-862B-97CDD41C8BEF}.Release|Any CPU.ActiveCfg = Release|Any CPU
		{8B50B4A0-44CD-4E9F-862B-97CDD41C8BEF}.Release|Any CPU.Build.0 = Release|Any CPU
	EndGlobalSection
	GlobalSection(SolutionProperties) = preSolution
		HideSolutionNode = FALSE
	EndGlobalSection
	GlobalSection(ExtensibilityGlobals) = postSolution
		SolutionGuid = {964EF0C1-5121-4542-846C-F447B58C88E3}
	EndGlobalSection
EndGlobal
